
Microsoft Visual Studio Solution File, Format Version 12.00
# Visual Studio Version 17
VisualStudioVersion = 17.9.34607.119
MinimumVisualStudioVersion = 10.0.40219.1
Project("{FAE04EC0-301F-11D3-BF4B-00C04F79EFBC}") = "PoliziaMunicipaleMulte", "PoliziaMunicipaleMulte.csproj", "{A09DB540-6781-431E-BFD1-B76CA2AAAD8A}"
EndProject
Global
	GlobalSection(SolutionConfigurationPlatforms) = preSolution
		Debug|Any CPU = Debug|Any CPU
		Release|Any CPU = Release|Any CPU
	EndGlobalSection
	GlobalSection(ProjectConfigurationPlatforms) = postSolution
		{A09DB540-6781-431E-BFD1-B76CA2AAAD8A}.Debug|Any CPU.ActiveCfg = Debug|Any CPU
		{A09DB540-6781-431E-BFD1-B76CA2AAAD8A}.Debug|Any CPU.Build.0 = Debug|Any CPU
		{A09DB540-6781-431E-BFD1-B76CA2AAAD8A}.Release|Any CPU.ActiveCfg = Release|Any CPU
		{A09DB540-6781-431E-BFD1-B76CA2AAAD8A}.Release|Any CPU.Build.0 = Release|Any CPU
	EndGlobalSection
	GlobalSection(SolutionProperties) = preSolution
		HideSolutionNode = FALSE
	EndGlobalSection
	GlobalSection(ExtensibilityGlobals) = postSolution
		SolutionGuid = {05589F3F-C80B-4489-9FC6-23A81D8BA8BC}
	EndGlobalSection
EndGlobal
